// !$*UTF8*$!
{
	archiveVersion = 1;
	classes = {
	};
	objectVersion = 77;
	objects = {

/* Begin PBXBuildFile section */
		C7062E022D837D3700B9F79E /* RealityKitContent in Frameworks */ = {isa = PBXBuildFile; productRef = C7062E012D837D3700B9F79E /* RealityKitContent */; };
		C7A8AF692D9C6E520097B98B /* OpenAI in Frameworks */ = {isa = PBXBuildFile; productRef = C7A8AF682D9C6E520097B98B /* OpenAI */; };
		C7A8AF702D9C865A0097B98B /* WebRTC in Frameworks */ = {isa = PBXBuildFile; productRef = C7A8AF6F2D9C865A0097B98B /* WebRTC */; };
		C7D0D68D2DA7680900BF59F6 /* Cafe in Frameworks */ = {isa = PBXBuildFile; productRef = C7D0D68C2DA7680900BF59F6 /* Cafe */; };
		C7D0D6AA2DA7F5E300BF59F6 /* Cafe-2.usdz in Resources */ = {isa = PBXBuildFile; fileRef = C7D0D6A92DA7F5E300BF59F6 /* Cafe-2.usdz */; };
/* End PBXBuildFile section */

/* Begin PBXContainerItemProxy section */
		C7062E1C2D837D3800B9F79E /* PBXContainerItemProxy */ = {
			isa = PBXContainerItemProxy;
			containerPortal = C7062DF42D837D3700B9F79E /* Project object */;
			proxyType = 1;
			remoteGlobalIDString = C7062DFB2D837D3700B9F79E;
			remoteInfo = Locus;
		};
/* End PBXContainerItemProxy section */

/* Begin PBXFileReference section */
		C7062DFC2D837D3700B9F79E /* Locus.app */ = {isa = PBXFileReference; explicitFileType = wrapper.application; includeInIndex = 0; path = Locus.app; sourceTree = BUILT_PRODUCTS_DIR; };
		C7062E002D837D3700B9F79E /* RealityKitContent */ = {isa = PBXFileReference; lastKnownFileType = wrapper; path = RealityKitContent; sourceTree = "<group>"; };
		C7062E1B2D837D3800B9F79E /* LocusTests.xctest */ = {isa = PBXFileReference; explicitFileType = wrapper.cfbundle; includeInIndex = 0; path = LocusTests.xctest; sourceTree = BUILT_PRODUCTS_DIR; };
		C7D0D6852DA7645600BF59F6 /* Cafe.rkassets */ = {isa = PBXFileReference; lastKnownFileType = folder.rkassets; path = Cafe.rkassets; sourceTree = "<group>"; };
		C7D0D6862DA7645600BF59F6 /* Cafe.swift */ = {isa = PBXFileReference; lastKnownFileType = sourcecode.swift; path = Cafe.swift; sourceTree = "<group>"; };
		C7D0D6892DA7645600BF59F6 /* Package.realitycomposerpro */ = {isa = PBXFileReference; lastKnownFileType = wrapper; name = Package.realitycomposerpro; path = Cafe/Package.realitycomposerpro; sourceTree = "<group>"; };
		C7D0D68A2DA7645600BF59F6 /* Package.swift */ = {isa = PBXFileReference; lastKnownFileType = sourcecode.swift; name = Package.swift; path = Cafe/Package.swift; sourceTree = "<group>"; };
		C7D0D6A92DA7F5E300BF59F6 /* Cafe-2.usdz */ = {isa = PBXFileReference; lastKnownFileType = file; path = "Cafe-2.usdz"; sourceTree = "<group>"; };
/* End PBXFileReference section */

/* Begin PBXFileSystemSynchronizedBuildFileExceptionSet section */
		C7062E212D837D3800B9F79E /* Exceptions for "Locus" folder in "Locus" target */ = {
			isa = PBXFileSystemSynchronizedBuildFileExceptionSet;
			membershipExceptions = (
				Info.plist,
			);
			target = C7062DFB2D837D3700B9F79E /* Locus */;
		};
		C79B1C842D9F64360014EA3E /* Exceptions for "Locus" folder in "LocusTests" target */ = {
			isa = PBXFileSystemSynchronizedBuildFileExceptionSet;
			membershipExceptions = (
				AppSettings.swift,
			);
			target = C7062E1A2D837D3800B9F79E /* LocusTests */;
		};
/* End PBXFileSystemSynchronizedBuildFileExceptionSet section */

/* Begin PBXFileSystemSynchronizedRootGroup section */
		C7062DFE2D837D3700B9F79E /* Locus */ = {
			isa = PBXFileSystemSynchronizedRootGroup;
			exceptions = (
				C7062E212D837D3800B9F79E /* Exceptions for "Locus" folder in "Locus" target */,
				C79B1C842D9F64360014EA3E /* Exceptions for "Locus" folder in "LocusTests" target */,
			);
			path = Locus;
			sourceTree = "<group>";
		};
		C7062E1E2D837D3800B9F79E /* LocusTests */ = {
			isa = PBXFileSystemSynchronizedRootGroup;
			path = LocusTests;
			sourceTree = "<group>";
		};
/* End PBXFileSystemSynchronizedRootGroup section */

/* Begin PBXFrameworksBuildPhase section */
		C7062DF92D837D3700B9F79E /* Frameworks */ = {
			isa = PBXFrameworksBuildPhase;
			buildActionMask = 2147483647;
			files = (
				C7A8AF692D9C6E520097B98B /* OpenAI in Frameworks */,
				C7D0D68D2DA7680900BF59F6 /* Cafe in Frameworks */,
				C7062E022D837D3700B9F79E /* RealityKitContent in Frameworks */,
			);
			runOnlyForDeploymentPostprocessing = 0;
		};
		C7062E182D837D3800B9F79E /* Frameworks */ = {
			isa = PBXFrameworksBuildPhase;
			buildActionMask = 2147483647;
			files = (
				C7A8AF702D9C865A0097B98B /* WebRTC in Frameworks */,
			);
			runOnlyForDeploymentPostprocessing = 0;
		};
/* End PBXFrameworksBuildPhase section */

/* Begin PBXGroup section */
		C7062DF32D837D3700B9F79E = {
			isa = PBXGroup;
			children = (
				C7062DFE2D837D3700B9F79E /* Locus */,
				C7062DFF2D837D3700B9F79E /* Packages */,
				C7062E1E2D837D3800B9F79E /* LocusTests */,
				C7062DFD2D837D3700B9F79E /* Products */,
			);
			sourceTree = "<group>";
		};
		C7062DFD2D837D3700B9F79E /* Products */ = {
			isa = PBXGroup;
			children = (
				C7062DFC2D837D3700B9F79E /* Locus.app */,
				C7062E1B2D837D3800B9F79E /* LocusTests.xctest */,
			);
			name = Products;
			sourceTree = "<group>";
		};
		C7062DFF2D837D3700B9F79E /* Packages */ = {
			isa = PBXGroup;
			children = (
				C7D0D6A92DA7F5E300BF59F6 /* Cafe-2.usdz */,
				C7D0D6842DA7645600BF59F6 /* Cafe */,
				C7062E002D837D3700B9F79E /* RealityKitContent */,
			);
			path = Packages;
			sourceTree = "<group>";
		};
		C7D0D6842DA7645600BF59F6 /* Cafe */ = {
			isa = PBXGroup;
			children = (
				C7D0D6892DA7645600BF59F6 /* Package.realitycomposerpro */,
				C7D0D68A2DA7645600BF59F6 /* Package.swift */,
				C7D0D6882DA7645600BF59F6 /* Sources */,
			);
			name = Cafe;
			sourceTree = "<group>";
		};
		C7D0D6872DA7645600BF59F6 /* Cafe */ = {
			isa = PBXGroup;
			children = (
				C7D0D6852DA7645600BF59F6 /* Cafe.rkassets */,
				C7D0D6862DA7645600BF59F6 /* Cafe.swift */,
			);
			path = Cafe;
			sourceTree = "<group>";
		};
		C7D0D6882DA7645600BF59F6 /* Sources */ = {
			isa = PBXGroup;
			children = (
				C7D0D6872DA7645600BF59F6 /* Cafe */,
			);
			name = Sources;
			path = Cafe/Sources;
			sourceTree = "<group>";
		};
/* End PBXGroup section */

/* Begin PBXNativeTarget section */
		C7062DFB2D837D3700B9F79E /* Locus */ = {
			isa = PBXNativeTarget;
			buildConfigurationList = C7062E222D837D3800B9F79E /* Build configuration list for PBXNativeTarget "Locus" */;
			buildPhases = (
				C7062DF82D837D3700B9F79E /* Sources */,
				C7062DF92D837D3700B9F79E /* Frameworks */,
				C7062DFA2D837D3700B9F79E /* Resources */,
			);
			buildRules = (
			);
			dependencies = (
			);
			fileSystemSynchronizedGroups = (
				C7062DFE2D837D3700B9F79E /* Locus */,
			);
			name = Locus;
			packageProductDependencies = (
				C7062E012D837D3700B9F79E /* RealityKitContent */,
				C7A8AF682D9C6E520097B98B /* OpenAI */,
				C7D0D68C2DA7680900BF59F6 /* Cafe */,
			);
			productName = Locus;
			productReference = C7062DFC2D837D3700B9F79E /* Locus.app */;
			productType = "com.apple.product-type.application";
		};
		C7062E1A2D837D3800B9F79E /* LocusTests */ = {
			isa = PBXNativeTarget;
			buildConfigurationList = C7062E272D837D3800B9F79E /* Build configuration list for PBXNativeTarget "LocusTests" */;
			buildPhases = (
				C7062E172D837D3800B9F79E /* Sources */,
				C7062E182D837D3800B9F79E /* Frameworks */,
				C7062E192D837D3800B9F79E /* Resources */,
			);
			buildRules = (
			);
			dependencies = (
				C7062E1D2D837D3800B9F79E /* PBXTargetDependency */,
			);
			fileSystemSynchronizedGroups = (
				C7062E1E2D837D3800B9F79E /* LocusTests */,
			);
			name = LocusTests;
			productName = LocusTests;
			productReference = C7062E1B2D837D3800B9F79E /* LocusTests.xctest */;
			productType = "com.apple.product-type.bundle.unit-test";
		};
/* End PBXNativeTarget section */

/* Begin PBXProject section */
		C7062DF42D837D3700B9F79E /* Project object */ = {
			isa = PBXProject;
			attributes = {
				BuildIndependentTargetsInParallel = 1;
				LastSwiftUpdateCheck = 1610;
				LastUpgradeCheck = 1610;
				TargetAttributes = {
					C7062DFB2D837D3700B9F79E = {
						CreatedOnToolsVersion = 16.1;
					};
					C7062E1A2D837D3800B9F79E = {
						CreatedOnToolsVersion = 16.1;
						TestTargetID = C7062DFB2D837D3700B9F79E;
					};
				};
			};
			buildConfigurationList = C7062DF72D837D3700B9F79E /* Build configuration list for PBXProject "Locus" */;
			developmentRegion = en;
			hasScannedForEncodings = 0;
			knownRegions = (
				en,
				Base,
			);
			mainGroup = C7062DF32D837D3700B9F79E;
			minimizedProjectReferenceProxies = 1;
			packageReferences = (
				C7A8AF672D9C6D6C0097B98B /* XCRemoteSwiftPackageReference "OpenAI" */,
				C7D0D68B2DA7680900BF59F6 /* XCLocalSwiftPackageReference "Packages/Cafe" */,
			);
			preferredProjectObjectVersion = 77;
			productRefGroup = C7062DFD2D837D3700B9F79E /* Products */;
			projectDirPath = "";
			projectRoot = "";
			targets = (
				C7062DFB2D837D3700B9F79E /* Locus */,
				C7062E1A2D837D3800B9F79E /* LocusTests */,
			);
		};
/* End PBXProject section */

/* Begin PBXResourcesBuildPhase section */
		C7062DFA2D837D3700B9F79E /* Resources */ = {
			isa = PBXResourcesBuildPhase;
			buildActionMask = 2147483647;
			files = (
				C7D0D6AA2DA7F5E300BF59F6 /* Cafe-2.usdz in Resources */,
			);
			runOnlyForDeploymentPostprocessing = 0;
		};
		C7062E192D837D3800B9F79E /* Resources */ = {
			isa = PBXResourcesBuildPhase;
			buildActionMask = 2147483647;
			files = (
			);
			runOnlyForDeploymentPostprocessing = 0;
		};
/* End PBXResourcesBuildPhase section */

/* Begin PBXSourcesBuildPhase section */
		C7062DF82D837D3700B9F79E /* Sources */ = {
			isa = PBXSourcesBuildPhase;
			buildActionMask = 2147483647;
			files = (
			);
			runOnlyForDeploymentPostprocessing = 0;
		};
		C7062E172D837D3800B9F79E /* Sources */ = {
			isa = PBXSourcesBuildPhase;
			buildActionMask = 2147483647;
			files = (
			);
			runOnlyForDeploymentPostprocessing = 0;
		};
/* End PBXSourcesBuildPhase section */

/* Begin PBXTargetDependency section */
		C7062E1D2D837D3800B9F79E /* PBXTargetDependency */ = {
			isa = PBXTargetDependency;
			target = C7062DFB2D837D3700B9F79E /* Locus */;
			targetProxy = C7062E1C2D837D3800B9F79E /* PBXContainerItemProxy */;
		};
/* End PBXTargetDependency section */

/* Begin XCBuildConfiguration section */
		C7062E232D837D3800B9F79E /* Debug */ = {
			isa = XCBuildConfiguration;
			buildSettings = {
				ASSETCATALOG_COMPILER_APPICON_NAME = AppIcon;
				ASSETCATALOG_COMPILER_GLOBAL_ACCENT_COLOR_NAME = AccentColor;
				CODE_SIGN_STYLE = Automatic;
				CURRENT_PROJECT_VERSION = 1;
				DEVELOPMENT_ASSET_PATHS = "\"Locus/Preview Content\"";
				DEVELOPMENT_TEAM = L93QV93JA8;
				ENABLE_PREVIEWS = YES;
				GENERATE_INFOPLIST_FILE = YES;
				INFOPLIST_FILE = "$(TARGET_NAME)/Info.plist";
				LD_RUNPATH_SEARCH_PATHS = (
					"$(inherited)",
					"@executable_path/Frameworks",
				);
				MARKETING_VERSION = 1.0;
				OTHER_SWIFT_FLAGS = "";
				"OTHER_SWIFT_FLAGS[arch=*]" = "-DOPENAI_API_KEY=$(OPENAI_API_KEY)\n";
				PRODUCT_BUNDLE_IDENTIFIER = com.banibe.Locus;
				PRODUCT_NAME = "$(TARGET_NAME)";
				SUPPORTED_PLATFORMS = "xros xrsimulator";
				SWIFT_EMIT_LOC_STRINGS = YES;
				SWIFT_VERSION = 5.0;
				TARGETED_DEVICE_FAMILY = 7;
			};
			name = Debug;
		};
		C7062E242D837D3800B9F79E /* Release */ = {
			isa = XCBuildConfiguration;
			buildSettings = {
				ASSETCATALOG_COMPILER_APPICON_NAME = AppIcon;
				ASSETCATALOG_COMPILER_GLOBAL_ACCENT_COLOR_NAME = AccentColor;
				CODE_SIGN_STYLE = Automatic;
				CURRENT_PROJECT_VERSION = 1;
				DEVELOPMENT_ASSET_PATHS = "\"Locus/Preview Content\"";
				DEVELOPMENT_TEAM = L93QV93JA8;
				ENABLE_PREVIEWS = YES;
				GENERATE_INFOPLIST_FILE = YES;
				INFOPLIST_FILE = "$(TARGET_NAME)/Info.plist";
				LD_RUNPATH_SEARCH_PATHS = (
					"$(inherited)",
					"@executable_path/Frameworks",
				);
				MARKETING_VERSION = 1.0;
				OTHER_SWIFT_FLAGS = "";
				"OTHER_SWIFT_FLAGS[arch=*]" = "-DOPENAI_API_KEY=$(OPENAI_API_KEY)\n";
				PRODUCT_BUNDLE_IDENTIFIER = com.banibe.Locus;
				PRODUCT_NAME = "$(TARGET_NAME)";
				SUPPORTED_PLATFORMS = "xros xrsimulator";
				SWIFT_EMIT_LOC_STRINGS = YES;
				SWIFT_VERSION = 5.0;
				TARGETED_DEVICE_FAMILY = 7;
			};
			name = Release;
		};
		C7062E252D837D3800B9F79E /* Debug */ = {
			isa = XCBuildConfiguration;
			buildSettings = {
				ALWAYS_SEARCH_USER_PATHS = NO;
				ASSETCATALOG_COMPILER_GENERATE_SWIFT_ASSET_SYMBOL_EXTENSIONS = YES;
				CLANG_ANALYZER_NONNULL = YES;
				CLANG_ANALYZER_NUMBER_OBJECT_CONVERSION = YES_AGGRESSIVE;
				CLANG_CXX_LANGUAGE_STANDARD = "gnu++20";
				CLANG_ENABLE_MODULES = YES;
				CLANG_ENABLE_OBJC_ARC = YES;
				CLANG_ENABLE_OBJC_WEAK = YES;
				CLANG_WARN_BLOCK_CAPTURE_AUTORELEASING = YES;
				CLANG_WARN_BOOL_CONVERSION = YES;
				CLANG_WARN_COMMA = YES;
				CLANG_WARN_CONSTANT_CONVERSION = YES;
				CLANG_WARN_DEPRECATED_OBJC_IMPLEMENTATIONS = YES;
				CLANG_WARN_DIRECT_OBJC_ISA_USAGE = YES_ERROR;
				CLANG_WARN_DOCUMENTATION_COMMENTS = YES;
				CLANG_WARN_EMPTY_BODY = YES;
				CLANG_WARN_ENUM_CONVERSION = YES;
				CLANG_WARN_INFINITE_RECURSION = YES;
				CLANG_WARN_INT_CONVERSION = YES;
				CLANG_WARN_NON_LITERAL_NULL_CONVERSION = YES;
				CLANG_WARN_OBJC_IMPLICIT_RETAIN_SELF = YES;
				CLANG_WARN_OBJC_LITERAL_CONVERSION = YES;
				CLANG_WARN_OBJC_ROOT_CLASS = YES_ERROR;
				CLANG_WARN_QUOTED_INCLUDE_IN_FRAMEWORK_HEADER = YES;
				CLANG_WARN_RANGE_LOOP_ANALYSIS = YES;
				CLANG_WARN_STRICT_PROTOTYPES = YES;
				CLANG_WARN_SUSPICIOUS_MOVE = YES;
				CLANG_WARN_UNGUARDED_AVAILABILITY = YES_AGGRESSIVE;
				CLANG_WARN_UNREACHABLE_CODE = YES;
				CLANG_WARN__DUPLICATE_METHOD_MATCH = YES;
				COPY_PHASE_STRIP = NO;
				DEBUG_INFORMATION_FORMAT = dwarf;
				ENABLE_STRICT_OBJC_MSGSEND = YES;
				ENABLE_TESTABILITY = YES;
				ENABLE_USER_SCRIPT_SANDBOXING = YES;
				GCC_C_LANGUAGE_STANDARD = gnu17;
				GCC_DYNAMIC_NO_PIC = NO;
				GCC_NO_COMMON_BLOCKS = YES;
				GCC_OPTIMIZATION_LEVEL = 0;
				GCC_PREPROCESSOR_DEFINITIONS = (
					"DEBUG=1",
					"$(inherited)",
				);
				GCC_WARN_64_TO_32_BIT_CONVERSION = YES;
				GCC_WARN_ABOUT_RETURN_TYPE = YES_ERROR;
				GCC_WARN_UNDECLARED_SELECTOR = YES;
				GCC_WARN_UNINITIALIZED_AUTOS = YES_AGGRESSIVE;
				GCC_WARN_UNUSED_FUNCTION = YES;
				GCC_WARN_UNUSED_VARIABLE = YES;
				LOCALIZATION_PREFERS_STRING_CATALOGS = YES;
				MTL_ENABLE_DEBUG_INFO = INCLUDE_SOURCE;
				MTL_FAST_MATH = YES;
				ONLY_ACTIVE_ARCH = YES;
				"OTHER_SWIFT_FLAGS[sdk=xr*]" = "-DOPENAI_API_KEY=$(OPENAI_API_KEY)";
				SDKROOT = xros;
				SWIFT_ACTIVE_COMPILATION_CONDITIONS = "DEBUG $(inherited)";
				SWIFT_OPTIMIZATION_LEVEL = "-Onone";
				XROS_DEPLOYMENT_TARGET = 2.1;
			};
			name = Debug;
		};
		C7062E262D837D3800B9F79E /* Release */ = {
			isa = XCBuildConfiguration;
			buildSettings = {
				ALWAYS_SEARCH_USER_PATHS = NO;
				ASSETCATALOG_COMPILER_GENERATE_SWIFT_ASSET_SYMBOL_EXTENSIONS = YES;
				CLANG_ANALYZER_NONNULL = YES;
				CLANG_ANALYZER_NUMBER_OBJECT_CONVERSION = YES_AGGRESSIVE;
				CLANG_CXX_LANGUAGE_STANDARD = "gnu++20";
				CLANG_ENABLE_MODULES = YES;
				CLANG_ENABLE_OBJC_ARC = YES;
				CLANG_ENABLE_OBJC_WEAK = YES;
				CLANG_WARN_BLOCK_CAPTURE_AUTORELEASING = YES;
				CLANG_WARN_BOOL_CONVERSION = YES;
				CLANG_WARN_COMMA = YES;
				CLANG_WARN_CONSTANT_CONVERSION = YES;
				CLANG_WARN_DEPRECATED_OBJC_IMPLEMENTATIONS = YES;
				CLANG_WARN_DIRECT_OBJC_ISA_USAGE = YES_ERROR;
				CLANG_WARN_DOCUMENTATION_COMMENTS = YES;
				CLANG_WARN_EMPTY_BODY = YES;
				CLANG_WARN_ENUM_CONVERSION = YES;
				CLANG_WARN_INFINITE_RECURSION = YES;
				CLANG_WARN_INT_CONVERSION = YES;
				CLANG_WARN_NON_LITERAL_NULL_CONVERSION = YES;
				CLANG_WARN_OBJC_IMPLICIT_RETAIN_SELF = YES;
				CLANG_WARN_OBJC_LITERAL_CONVERSION = YES;
				CLANG_WARN_OBJC_ROOT_CLASS = YES_ERROR;
				CLANG_WARN_QUOTED_INCLUDE_IN_FRAMEWORK_HEADER = YES;
				CLANG_WARN_RANGE_LOOP_ANALYSIS = YES;
				CLANG_WARN_STRICT_PROTOTYPES = YES;
				CLANG_WARN_SUSPICIOUS_MOVE = YES;
				CLANG_WARN_UNGUARDED_AVAILABILITY = YES_AGGRESSIVE;
				CLANG_WARN_UNREACHABLE_CODE = YES;
				CLANG_WARN__DUPLICATE_METHOD_MATCH = YES;
				COPY_PHASE_STRIP = NO;
				DEBUG_INFORMATION_FORMAT = "dwarf-with-dsym";
				ENABLE_NS_ASSERTIONS = NO;
				ENABLE_STRICT_OBJC_MSGSEND = YES;
				ENABLE_USER_SCRIPT_SANDBOXING = YES;
				GCC_C_LANGUAGE_STANDARD = gnu17;
				GCC_NO_COMMON_BLOCKS = YES;
				GCC_WARN_64_TO_32_BIT_CONVERSION = YES;
				GCC_WARN_ABOUT_RETURN_TYPE = YES_ERROR;
				GCC_WARN_UNDECLARED_SELECTOR = YES;
				GCC_WARN_UNINITIALIZED_AUTOS = YES_AGGRESSIVE;
				GCC_WARN_UNUSED_FUNCTION = YES;
				GCC_WARN_UNUSED_VARIABLE = YES;
				LOCALIZATION_PREFERS_STRING_CATALOGS = YES;
				MTL_ENABLE_DEBUG_INFO = NO;
				MTL_FAST_MATH = YES;
				"OTHER_SWIFT_FLAGS[sdk=xr*]" = "";
				SDKROOT = xros;
				SWIFT_COMPILATION_MODE = wholemodule;
				VALIDATE_PRODUCT = YES;
				XROS_DEPLOYMENT_TARGET = 2.1;
			};
			name = Release;
		};
		C7062E282D837D3800B9F79E /* Debug */ = {
			isa = XCBuildConfiguration;
			buildSettings = {
				BUNDLE_LOADER = "$(TEST_HOST)";
				CODE_SIGN_STYLE = Automatic;
				CURRENT_PROJECT_VERSION = 1;
				GENERATE_INFOPLIST_FILE = YES;
				MARKETING_VERSION = 1.0;
				PRODUCT_BUNDLE_IDENTIFIER = com.banibe.LocusTests;
				PRODUCT_NAME = "$(TARGET_NAME)";
				SUPPORTED_PLATFORMS = "xros xrsimulator";
				SWIFT_EMIT_LOC_STRINGS = NO;
				SWIFT_VERSION = 5.0;
				TARGETED_DEVICE_FAMILY = 7;
				TEST_HOST = "$(BUILT_PRODUCTS_DIR)/Locus.app/$(BUNDLE_EXECUTABLE_FOLDER_PATH)/Locus";
				XROS_DEPLOYMENT_TARGET = 2.1;
			};
			name = Debug;
		};
		C7062E292D837D3800B9F79E /* Release */ = {
			isa = XCBuildConfiguration;
			buildSettings = {
				BUNDLE_LOADER = "$(TEST_HOST)";
				CODE_SIGN_STYLE = Automatic;
				CURRENT_PROJECT_VERSION = 1;
				GENERATE_INFOPLIST_FILE = YES;
				MARKETING_VERSION = 1.0;
				PRODUCT_BUNDLE_IDENTIFIER = com.banibe.LocusTests;
				PRODUCT_NAME = "$(TARGET_NAME)";
				SUPPORTED_PLATFORMS = "xros xrsimulator";
				SWIFT_EMIT_LOC_STRINGS = NO;
				SWIFT_VERSION = 5.0;
				TARGETED_DEVICE_FAMILY = 7;
				TEST_HOST = "$(BUILT_PRODUCTS_DIR)/Locus.app/$(BUNDLE_EXECUTABLE_FOLDER_PATH)/Locus";
				XROS_DEPLOYMENT_TARGET = 2.1;
			};
			name = Release;
		};
/* End XCBuildConfiguration section */

/* Begin XCConfigurationList section */
		C7062DF72D837D3700B9F79E /* Build configuration list for PBXProject "Locus" */ = {
			isa = XCConfigurationList;
			buildConfigurations = (
				C7062E252D837D3800B9F79E /* Debug */,
				C7062E262D837D3800B9F79E /* Release */,
			);
			defaultConfigurationIsVisible = 0;
			defaultConfigurationName = Release;
		};
		C7062E222D837D3800B9F79E /* Build configuration list for PBXNativeTarget "Locus" */ = {
			isa = XCConfigurationList;
			buildConfigurations = (
				C7062E232D837D3800B9F79E /* Debug */,
				C7062E242D837D3800B9F79E /* Release */,
			);
			defaultConfigurationIsVisible = 0;
			defaultConfigurationName = Release;
		};
		C7062E272D837D3800B9F79E /* Build configuration list for PBXNativeTarget "LocusTests" */ = {
			isa = XCConfigurationList;
			buildConfigurations = (
				C7062E282D837D3800B9F79E /* Debug */,
				C7062E292D837D3800B9F79E /* Release */,
			);
			defaultConfigurationIsVisible = 0;
			defaultConfigurationName = Release;
		};
/* End XCConfigurationList section */

/* Begin XCLocalSwiftPackageReference section */
		C7D0D68B2DA7680900BF59F6 /* XCLocalSwiftPackageReference "Packages/Cafe" */ = {
			isa = XCLocalSwiftPackageReference;
			relativePath = Packages/Cafe;
		};
/* End XCLocalSwiftPackageReference section */

/* Begin XCRemoteSwiftPackageReference section */
		C7A8AF672D9C6D6C0097B98B /* XCRemoteSwiftPackageReference "OpenAI" */ = {
			isa = XCRemoteSwiftPackageReference;
			repositoryURL = "https://github.com/MacPaw/OpenAI";
			requirement = {
				kind = upToNextMajorVersion;
				minimumVersion = 0.3.9;
			};
		};
/* End XCRemoteSwiftPackageReference section */

/* Begin XCSwiftPackageProductDependency section */
		C7062E012D837D3700B9F79E /* RealityKitContent */ = {
			isa = XCSwiftPackageProductDependency;
			productName = RealityKitContent;
		};
		C7A8AF682D9C6E520097B98B /* OpenAI */ = {
			isa = XCSwiftPackageProductDependency;
			package = C7A8AF672D9C6D6C0097B98B /* XCRemoteSwiftPackageReference "OpenAI" */;
			productName = OpenAI;
		};
		C7A8AF6F2D9C865A0097B98B /* WebRTC */ = {
			isa = XCSwiftPackageProductDependency;
			productName = WebRTC;
		};
		C7D0D68C2DA7680900BF59F6 /* Cafe */ = {
			isa = XCSwiftPackageProductDependency;
			productName = Cafe;
		};
/* End XCSwiftPackageProductDependency section */
	};
	rootObject = C7062DF42D837D3700B9F79E /* Project object */;
}
